
Microsoft Visual Studio Solution File, Format Version 12.00
# Visual Studio Version 16
VisualStudioVersion = 16.0.31410.357
MinimumVisualStudioVersion = 10.0.40219.1
Project("{888888A0-9F3D-457C-B088-3A5042F75D52}") = "Project", "Project.pyproj", "{EF08378A-E8AB-4995-A5CB-D288A322B032}"
EndProject
Global
	GlobalSection(SolutionConfigurationPlatforms) = preSolution
		Debug|Any CPU = Debug|Any CPU
		Release|Any CPU = Release|Any CPU
	EndGlobalSection
	GlobalSection(ProjectConfigurationPlatforms) = postSolution
		{EF08378A-E8AB-4995-A5CB-D288A322B032}.Debug|Any CPU.ActiveCfg = Debug|Any CPU
		{EF08378A-E8AB-4995-A5CB-D288A322B032}.Release|Any CPU.ActiveCfg = Release|Any CPU
	EndGlobalSection
	GlobalSection(SolutionProperties) = preSolution
		HideSolutionNode = FALSE
	EndGlobalSection
	GlobalSection(ExtensibilityGlobals) = postSolution
		SolutionGuid = {7C25A526-3BA8-4336-9A7D-7F0F10B35698}
	EndGlobalSection
EndGlobal
